
Microsoft Visual Studio Solution File, Format Version 12.00
# Visual Studio Version 17
VisualStudioVersion = 17.12.35506.116 d17.12
MinimumVisualStudioVersion = 10.0.40219.1
Project("{FAE04EC0-301F-11D3-BF4B-00C04F79EFBC}") = "TadbirInsurance", "TadbirInsurance\TadbirInsurance.csproj", "{FA18AF81-3F44-4722-AAFD-52C95F2D79E2}"
EndProject
Project("{FAE04EC0-301F-11D3-BF4B-00C04F79EFBC}") = "Core", "Core\Core.csproj", "{1B596371-7483-47AB-8324-B3EC1BEC3BBE}"
EndProject
Project("{FAE04EC0-301F-11D3-BF4B-00C04F79EFBC}") = "Application", "Application\Application.csproj", "{05A2F8C5-38B4-412F-B748-F54C6BC6BB3A}"
EndProject
Project("{FAE04EC0-301F-11D3-BF4B-00C04F79EFBC}") = "Domain", "Domain\Domain.csproj", "{88678890-F2CE-4F07-AE47-23A89A4AEF8D}"
EndProject
Project("{FAE04EC0-301F-11D3-BF4B-00C04F79EFBC}") = "Persistence", "Persistence\Persistence.csproj", "{3C5F463E-2C02-4422-BE57-A26705708653}"
EndProject
Project("{FAE04EC0-301F-11D3-BF4B-00C04F79EFBC}") = "Infrastrucrure", "Infrastrucrure\Infrastrucrure.csproj", "{7E8A26B6-7F55-4DE8-98E0-4A97D7D89EB9}"
EndProject
Global
	GlobalSection(SolutionConfigurationPlatforms) = preSolution
		Debug|Any CPU = Debug|Any CPU
		Release|Any CPU = Release|Any CPU
	EndGlobalSection
	GlobalSection(ProjectConfigurationPlatforms) = postSolution
		{FA18AF81-3F44-4722-AAFD-52C95F2D79E2}.Debug|Any CPU.ActiveCfg = Debug|Any CPU
		{FA18AF81-3F44-4722-AAFD-52C95F2D79E2}.Debug|Any CPU.Build.0 = Debug|Any CPU
		{FA18AF81-3F44-4722-AAFD-52C95F2D79E2}.Release|Any CPU.ActiveCfg = Release|Any CPU
		{FA18AF81-3F44-4722-AAFD-52C95F2D79E2}.Release|Any CPU.Build.0 = Release|Any CPU
		{1B596371-7483-47AB-8324-B3EC1BEC3BBE}.Debug|Any CPU.ActiveCfg = Debug|Any CPU
		{1B596371-7483-47AB-8324-B3EC1BEC3BBE}.Debug|Any CPU.Build.0 = Debug|Any CPU
		{1B596371-7483-47AB-8324-B3EC1BEC3BBE}.Release|Any CPU.ActiveCfg = Release|Any CPU
		{1B596371-7483-47AB-8324-B3EC1BEC3BBE}.Release|Any CPU.Build.0 = Release|Any CPU
		{05A2F8C5-38B4-412F-B748-F54C6BC6BB3A}.Debug|Any CPU.ActiveCfg = Debug|Any CPU
		{05A2F8C5-38B4-412F-B748-F54C6BC6BB3A}.Debug|Any CPU.Build.0 = Debug|Any CPU
		{05A2F8C5-38B4-412F-B748-F54C6BC6BB3A}.Release|Any CPU.ActiveCfg = Release|Any CPU
		{05A2F8C5-38B4-412F-B748-F54C6BC6BB3A}.Release|Any CPU.Build.0 = Release|Any CPU
		{88678890-F2CE-4F07-AE47-23A89A4AEF8D}.Debug|Any CPU.ActiveCfg = Debug|Any CPU
		{88678890-F2CE-4F07-AE47-23A89A4AEF8D}.Debug|Any CPU.Build.0 = Debug|Any CPU
		{88678890-F2CE-4F07-AE47-23A89A4AEF8D}.Release|Any CPU.ActiveCfg = Release|Any CPU
		{88678890-F2CE-4F07-AE47-23A89A4AEF8D}.Release|Any CPU.Build.0 = Release|Any CPU
		{3C5F463E-2C02-4422-BE57-A26705708653}.Debug|Any CPU.ActiveCfg = Debug|Any CPU
		{3C5F463E-2C02-4422-BE57-A26705708653}.Debug|Any CPU.Build.0 = Debug|Any CPU
		{3C5F463E-2C02-4422-BE57-A26705708653}.Release|Any CPU.ActiveCfg = Release|Any CPU
		{3C5F463E-2C02-4422-BE57-A26705708653}.Release|Any CPU.Build.0 = Release|Any CPU
		{7E8A26B6-7F55-4DE8-98E0-4A97D7D89EB9}.Debug|Any CPU.ActiveCfg = Debug|Any CPU
		{7E8A26B6-7F55-4DE8-98E0-4A97D7D89EB9}.Debug|Any CPU.Build.0 = Debug|Any CPU
		{7E8A26B6-7F55-4DE8-98E0-4A97D7D89EB9}.Release|Any CPU.ActiveCfg = Release|Any CPU
		{7E8A26B6-7F55-4DE8-98E0-4A97D7D89EB9}.Release|Any CPU.Build.0 = Release|Any CPU
	EndGlobalSection
	GlobalSection(SolutionProperties) = preSolution
		HideSolutionNode = FALSE
	EndGlobalSection
EndGlobal
